<?xml version="1.0" encoding="utf-8"?>
<Project ToolsVersion="4.0" xmlns="http://schemas.microsoft.com/developer/msbuild/2003">
  <ItemGroup>
    <Filter Include="strvy">
      <UniqueIdentifier>{AD926110-19A7-89C1-E228-2D214EFC85F2}</UniqueIdentifier>
    </Filter>
    <Filter Include="strvy\Events">
      <UniqueIdentifier>{F1D99BB8-DD3C-2B5D-86C2-63137204F7DF}</UniqueIdentifier>
    </Filter>
  </ItemGroup>
  <ItemGroup>
    <ClInclude Include="src\strvy.h" />
    <ClInclude Include="src\strvy\Application.h">
      <Filter>strvy</Filter>
    </ClInclude>
    <ClInclude Include="src\strvy\Core.h">
      <Filter>strvy</Filter>
    </ClInclude>
    <ClInclude Include="src\strvy\EntryPoint.h">
      <Filter>strvy</Filter>
    </ClInclude>
    <ClInclude Include="src\strvy\Events\ApplicationEvent.h">
      <Filter>strvy\Events</Filter>
    </ClInclude>
    <ClInclude Include="src\strvy\Events\Event.h">
      <Filter>strvy\Events</Filter>
    </ClInclude>
    <ClInclude Include="src\strvy\Events\KeyEvent.h">
      <Filter>strvy\Events</Filter>
    </ClInclude>
    <ClInclude Include="src\strvy\Events\MouseEvent.h">
      <Filter>strvy\Events</Filter>
    </ClInclude>
    <ClInclude Include="src\strvy\Log.h">
      <Filter>strvy</Filter>
    </ClInclude>
    <ClInclude Include="src\svpch.h" />
    <ClInclude Include="Window.h">
      <Filter>strvy</Filter>
    </ClInclude>
    <ClInclude Include="src\strvy\Window.h" />
    <ClInclude Include="src\Platform\Windows\WindowsWindow.h" />
  </ItemGroup>
  <ItemGroup>
    <ClCompile Include="src\strvy\Application.cpp">
      <Filter>strvy</Filter>
    </ClCompile>
    <ClCompile Include="src\strvy\Log.cpp">
      <Filter>strvy</Filter>
    </ClCompile>
    <ClCompile Include="src\svpch.cpp" />
    <ClCompile Include="src\Platform\Windows\WindowsWindow.cpp" />
  </ItemGroup>
</Project>